// !$*UTF8*$!
{
	archiveVersion = 1;
	classes = {
	};
	objectVersion = 56;
	objects = {

/* Begin PBXBuildFile section */
		8E3AB8D229EB0D560052D69E /* KeyboardCleanMenuApp.swift in Sources */ = {isa = PBXBuildFile; fileRef = 8E3AB8D129EB0D560052D69E /* KeyboardCleanMenuApp.swift */; };
		8E3AB8D629EB0D570052D69E /* Assets.xcassets in Resources */ = {isa = PBXBuildFile; fileRef = 8E3AB8D529EB0D570052D69E /* Assets.xcassets */; };
		8E3AB8D929EB0D570052D69E /* Preview Assets.xcassets in Resources */ = {isa = PBXBuildFile; fileRef = 8E3AB8D829EB0D570052D69E /* Preview Assets.xcassets */; };
		8E3AB8E129EB0D840052D69E /* AppDelegate.swift in Sources */ = {isa = PBXBuildFile; fileRef = 8E3AB8E029EB0D840052D69E /* AppDelegate.swift */; };
		8E68876129EC3686006F9060 /* ApplicationMenu.swift in Sources */ = {isa = PBXBuildFile; fileRef = 8E68876029EC3686006F9060 /* ApplicationMenu.swift */; };
		8E68876429EC36B1006F9060 /* AccessibilityAuthManager.swift in Sources */ = {isa = PBXBuildFile; fileRef = 8E68876229EC36B1006F9060 /* AccessibilityAuthManager.swift */; };
		8E68876529EC36B1006F9060 /* KeyboardInputInterrupter.swift in Sources */ = {isa = PBXBuildFile; fileRef = 8E68876329EC36B1006F9060 /* KeyboardInputInterrupter.swift */; };
		8E68876729EC36D5006F9060 /* String+Localized.swift in Sources */ = {isa = PBXBuildFile; fileRef = 8E68876629EC36D5006F9060 /* String+Localized.swift */; };
		8E68876A29EC3720006F9060 /* Localizable.strings in Resources */ = {isa = PBXBuildFile; fileRef = 8E68876C29EC3720006F9060 /* Localizable.strings */; };
		8E68876F29EC3742006F9060 /* NotificationCenter+Name.swift in Sources */ = {isa = PBXBuildFile; fileRef = 8E68876E29EC3742006F9060 /* NotificationCenter+Name.swift */; };
		8E68877129EC3760006F9060 /* LockKeyboardInputView.swift in Sources */ = {isa = PBXBuildFile; fileRef = 8E68877029EC3760006F9060 /* LockKeyboardInputView.swift */; };
		8E68877329EC3771006F9060 /* KeyboardSwitchView.swift in Sources */ = {isa = PBXBuildFile; fileRef = 8E68877229EC3771006F9060 /* KeyboardSwitchView.swift */; };
		8E68877529EC377F006F9060 /* AuthRequestView.swift in Sources */ = {isa = PBXBuildFile; fileRef = 8E68877429EC377F006F9060 /* AuthRequestView.swift */; };
		8EEBB4BF29EC545A00F4CAA3 /* NSImage+TintColor.swift in Sources */ = {isa = PBXBuildFile; fileRef = 8EEBB4BE29EC545A00F4CAA3 /* NSImage+TintColor.swift */; };
/* End PBXBuildFile section */

/* Begin PBXFileReference section */
		8E3AB8CE29EB0D560052D69E /* KeyboardCleanMenu.app */ = {isa = PBXFileReference; explicitFileType = wrapper.application; includeInIndex = 0; path = KeyboardCleanMenu.app; sourceTree = BUILT_PRODUCTS_DIR; };
		8E3AB8D129EB0D560052D69E /* KeyboardCleanMenuApp.swift */ = {isa = PBXFileReference; lastKnownFileType = sourcecode.swift; path = KeyboardCleanMenuApp.swift; sourceTree = "<group>"; };
		8E3AB8D529EB0D570052D69E /* Assets.xcassets */ = {isa = PBXFileReference; lastKnownFileType = folder.assetcatalog; path = Assets.xcassets; sourceTree = "<group>"; };
		8E3AB8D829EB0D570052D69E /* Preview Assets.xcassets */ = {isa = PBXFileReference; lastKnownFileType = folder.assetcatalog; path = "Preview Assets.xcassets"; sourceTree = "<group>"; };
		8E3AB8DA29EB0D570052D69E /* KeyboardCleanMenu.entitlements */ = {isa = PBXFileReference; lastKnownFileType = text.plist.entitlements; path = KeyboardCleanMenu.entitlements; sourceTree = "<group>"; };
		8E3AB8E029EB0D840052D69E /* AppDelegate.swift */ = {isa = PBXFileReference; lastKnownFileType = sourcecode.swift; path = AppDelegate.swift; sourceTree = "<group>"; };
		8E68876029EC3686006F9060 /* ApplicationMenu.swift */ = {isa = PBXFileReference; lastKnownFileType = sourcecode.swift; path = ApplicationMenu.swift; sourceTree = "<group>"; };
		8E68876229EC36B1006F9060 /* AccessibilityAuthManager.swift */ = {isa = PBXFileReference; fileEncoding = 4; lastKnownFileType = sourcecode.swift; path = AccessibilityAuthManager.swift; sourceTree = "<group>"; };
		8E68876329EC36B1006F9060 /* KeyboardInputInterrupter.swift */ = {isa = PBXFileReference; fileEncoding = 4; lastKnownFileType = sourcecode.swift; path = KeyboardInputInterrupter.swift; sourceTree = "<group>"; };
		8E68876629EC36D5006F9060 /* String+Localized.swift */ = {isa = PBXFileReference; fileEncoding = 4; lastKnownFileType = sourcecode.swift; path = "String+Localized.swift"; sourceTree = "<group>"; };
		8E68876B29EC3720006F9060 /* ko */ = {isa = PBXFileReference; lastKnownFileType = text.plist.strings; name = ko; path = ko.lproj/Localizable.strings; sourceTree = "<group>"; };
		8E68876D29EC3723006F9060 /* en */ = {isa = PBXFileReference; lastKnownFileType = text.plist.strings; name = en; path = en.lproj/Localizable.strings; sourceTree = "<group>"; };
		8E68876E29EC3742006F9060 /* NotificationCenter+Name.swift */ = {isa = PBXFileReference; lastKnownFileType = sourcecode.swift; path = "NotificationCenter+Name.swift"; sourceTree = "<group>"; };
		8E68877029EC3760006F9060 /* LockKeyboardInputView.swift */ = {isa = PBXFileReference; lastKnownFileType = sourcecode.swift; path = LockKeyboardInputView.swift; sourceTree = "<group>"; };
		8E68877229EC3771006F9060 /* KeyboardSwitchView.swift */ = {isa = PBXFileReference; lastKnownFileType = sourcecode.swift; path = KeyboardSwitchView.swift; sourceTree = "<group>"; };
		8E68877429EC377F006F9060 /* AuthRequestView.swift */ = {isa = PBXFileReference; lastKnownFileType = sourcecode.swift; path = AuthRequestView.swift; sourceTree = "<group>"; };
		8EEBB4BE29EC545A00F4CAA3 /* NSImage+TintColor.swift */ = {isa = PBXFileReference; lastKnownFileType = sourcecode.swift; path = "NSImage+TintColor.swift"; sourceTree = "<group>"; };
/* End PBXFileReference section */

/* Begin PBXFrameworksBuildPhase section */
		8E3AB8CB29EB0D560052D69E /* Frameworks */ = {
			isa = PBXFrameworksBuildPhase;
			buildActionMask = 2147483647;
			files = (
			);
			runOnlyForDeploymentPostprocessing = 0;
		};
/* End PBXFrameworksBuildPhase section */

/* Begin PBXGroup section */
		8E3AB8C529EB0D560052D69E = {
			isa = PBXGroup;
			children = (
				8E3AB8D029EB0D560052D69E /* KeyboardCleanMenu */,
				8E3AB8CF29EB0D560052D69E /* Products */,
			);
			sourceTree = "<group>";
		};
		8E3AB8CF29EB0D560052D69E /* Products */ = {
			isa = PBXGroup;
			children = (
				8E3AB8CE29EB0D560052D69E /* KeyboardCleanMenu.app */,
			);
			name = Products;
			sourceTree = "<group>";
		};
		8E3AB8D029EB0D560052D69E /* KeyboardCleanMenu */ = {
			isa = PBXGroup;
			children = (
				8E3AB8DA29EB0D570052D69E /* KeyboardCleanMenu.entitlements */,
				8EEBB4BC29EC529E00F4CAA3 /* Sources */,
				8EEBB4BD29EC52A700F4CAA3 /* Resources */,
			);
			path = KeyboardCleanMenu;
			sourceTree = "<group>";
		};
		8E3AB8D729EB0D570052D69E /* Preview Content */ = {
			isa = PBXGroup;
			children = (
				8E3AB8D829EB0D570052D69E /* Preview Assets.xcassets */,
			);
			path = "Preview Content";
			sourceTree = "<group>";
		};
		8EEBB4B929EC523300F4CAA3 /* Utils */ = {
			isa = PBXGroup;
			children = (
				8E68876E29EC3742006F9060 /* NotificationCenter+Name.swift */,
				8E68876629EC36D5006F9060 /* String+Localized.swift */,
				8EEBB4BE29EC545A00F4CAA3 /* NSImage+TintColor.swift */,
			);
			path = Utils;
			sourceTree = "<group>";
		};
		8EEBB4BA29EC523D00F4CAA3 /* Views */ = {
			isa = PBXGroup;
			children = (
				8E68877029EC3760006F9060 /* LockKeyboardInputView.swift */,
				8E68877429EC377F006F9060 /* AuthRequestView.swift */,
				8E68877229EC3771006F9060 /* KeyboardSwitchView.swift */,
			);
			path = Views;
			sourceTree = "<group>";
		};
		8EEBB4BB29EC527400F4CAA3 /* Managers */ = {
			isa = PBXGroup;
			children = (
				8E68876329EC36B1006F9060 /* KeyboardInputInterrupter.swift */,
				8E68876229EC36B1006F9060 /* AccessibilityAuthManager.swift */,
			);
			path = Managers;
			sourceTree = "<group>";
		};
		8EEBB4BC29EC529E00F4CAA3 /* Sources */ = {
			isa = PBXGroup;
			children = (
				8E3AB8E029EB0D840052D69E /* AppDelegate.swift */,
				8E68876029EC3686006F9060 /* ApplicationMenu.swift */,
				8E3AB8D129EB0D560052D69E /* KeyboardCleanMenuApp.swift */,
				8EEBB4BB29EC527400F4CAA3 /* Managers */,
				8EEBB4BA29EC523D00F4CAA3 /* Views */,
				8EEBB4B929EC523300F4CAA3 /* Utils */,
			);
			path = Sources;
			sourceTree = "<group>";
		};
		8EEBB4BD29EC52A700F4CAA3 /* Resources */ = {
			isa = PBXGroup;
			children = (
				8E68876C29EC3720006F9060 /* Localizable.strings */,
				8E3AB8D529EB0D570052D69E /* Assets.xcassets */,
				8E3AB8D729EB0D570052D69E /* Preview Content */,
			);
			path = Resources;
			sourceTree = "<group>";
		};
/* End PBXGroup section */

/* Begin PBXNativeTarget section */
		8E3AB8CD29EB0D560052D69E /* KeyboardCleanMenu */ = {
			isa = PBXNativeTarget;
			buildConfigurationList = 8E3AB8DD29EB0D570052D69E /* Build configuration list for PBXNativeTarget "KeyboardCleanMenu" */;
			buildPhases = (
				8E3AB8CA29EB0D560052D69E /* Sources */,
				8E3AB8CB29EB0D560052D69E /* Frameworks */,
				8E3AB8CC29EB0D560052D69E /* Resources */,
			);
			buildRules = (
			);
			dependencies = (
			);
			name = KeyboardCleanMenu;
			productName = KeyboardCleanMenu;
			productReference = 8E3AB8CE29EB0D560052D69E /* KeyboardCleanMenu.app */;
			productType = "com.apple.product-type.application";
		};
/* End PBXNativeTarget section */

/* Begin PBXProject section */
		8E3AB8C629EB0D560052D69E /* Project object */ = {
			isa = PBXProject;
			attributes = {
				BuildIndependentTargetsInParallel = 1;
				LastSwiftUpdateCheck = 1430;
				LastUpgradeCheck = 1430;
				TargetAttributes = {
					8E3AB8CD29EB0D560052D69E = {
						CreatedOnToolsVersion = 14.3;
					};
				};
			};
			buildConfigurationList = 8E3AB8C929EB0D560052D69E /* Build configuration list for PBXProject "KeyboardCleanMenu" */;
			compatibilityVersion = "Xcode 14.0";
			developmentRegion = en;
			hasScannedForEncodings = 0;
			knownRegions = (
				en,
				Base,
				ko,
			);
			mainGroup = 8E3AB8C529EB0D560052D69E;
			productRefGroup = 8E3AB8CF29EB0D560052D69E /* Products */;
			projectDirPath = "";
			projectRoot = "";
			targets = (
				8E3AB8CD29EB0D560052D69E /* KeyboardCleanMenu */,
			);
		};
/* End PBXProject section */

/* Begin PBXResourcesBuildPhase section */
		8E3AB8CC29EB0D560052D69E /* Resources */ = {
			isa = PBXResourcesBuildPhase;
			buildActionMask = 2147483647;
			files = (
				8E3AB8D929EB0D570052D69E /* Preview Assets.xcassets in Resources */,
				8E68876A29EC3720006F9060 /* Localizable.strings in Resources */,
				8E3AB8D629EB0D570052D69E /* Assets.xcassets in Resources */,
			);
			runOnlyForDeploymentPostprocessing = 0;
		};
/* End PBXResourcesBuildPhase section */

/* Begin PBXSourcesBuildPhase section */
		8E3AB8CA29EB0D560052D69E /* Sources */ = {
			isa = PBXSourcesBuildPhase;
			buildActionMask = 2147483647;
			files = (
				8E3AB8E129EB0D840052D69E /* AppDelegate.swift in Sources */,
				8E68876129EC3686006F9060 /* ApplicationMenu.swift in Sources */,
				8E68876529EC36B1006F9060 /* KeyboardInputInterrupter.swift in Sources */,
				8E68877329EC3771006F9060 /* KeyboardSwitchView.swift in Sources */,
				8E68877529EC377F006F9060 /* AuthRequestView.swift in Sources */,
				8E68877129EC3760006F9060 /* LockKeyboardInputView.swift in Sources */,
				8E68876F29EC3742006F9060 /* NotificationCenter+Name.swift in Sources */,
				8E68876729EC36D5006F9060 /* String+Localized.swift in Sources */,
				8E68876429EC36B1006F9060 /* AccessibilityAuthManager.swift in Sources */,
				8E3AB8D229EB0D560052D69E /* KeyboardCleanMenuApp.swift in Sources */,
				8EEBB4BF29EC545A00F4CAA3 /* NSImage+TintColor.swift in Sources */,
			);
			runOnlyForDeploymentPostprocessing = 0;
		};
/* End PBXSourcesBuildPhase section */

/* Begin PBXVariantGroup section */
		8E68876C29EC3720006F9060 /* Localizable.strings */ = {
			isa = PBXVariantGroup;
			children = (
				8E68876B29EC3720006F9060 /* ko */,
				8E68876D29EC3723006F9060 /* en */,
			);
			name = Localizable.strings;
			sourceTree = "<group>";
		};
/* End PBXVariantGroup section */

/* Begin XCBuildConfiguration section */
		8E3AB8DB29EB0D570052D69E /* Debug */ = {
			isa = XCBuildConfiguration;
			buildSettings = {
				ALWAYS_SEARCH_USER_PATHS = NO;
				CLANG_ANALYZER_NONNULL = YES;
				CLANG_ANALYZER_NUMBER_OBJECT_CONVERSION = YES_AGGRESSIVE;
				CLANG_CXX_LANGUAGE_STANDARD = "gnu++20";
				CLANG_ENABLE_MODULES = YES;
				CLANG_ENABLE_OBJC_ARC = YES;
				CLANG_ENABLE_OBJC_WEAK = YES;
				CLANG_WARN_BLOCK_CAPTURE_AUTORELEASING = YES;
				CLANG_WARN_BOOL_CONVERSION = YES;
				CLANG_WARN_COMMA = YES;
				CLANG_WARN_CONSTANT_CONVERSION = YES;
				CLANG_WARN_DEPRECATED_OBJC_IMPLEMENTATIONS = YES;
				CLANG_WARN_DIRECT_OBJC_ISA_USAGE = YES_ERROR;
				CLANG_WARN_DOCUMENTATION_COMMENTS = YES;
				CLANG_WARN_EMPTY_BODY = YES;
				CLANG_WARN_ENUM_CONVERSION = YES;
				CLANG_WARN_INFINITE_RECURSION = YES;
				CLANG_WARN_INT_CONVERSION = YES;
				CLANG_WARN_NON_LITERAL_NULL_CONVERSION = YES;
				CLANG_WARN_OBJC_IMPLICIT_RETAIN_SELF = YES;
				CLANG_WARN_OBJC_LITERAL_CONVERSION = YES;
				CLANG_WARN_OBJC_ROOT_CLASS = YES_ERROR;
				CLANG_WARN_QUOTED_INCLUDE_IN_FRAMEWORK_HEADER = YES;
				CLANG_WARN_RANGE_LOOP_ANALYSIS = YES;
				CLANG_WARN_STRICT_PROTOTYPES = YES;
				CLANG_WARN_SUSPICIOUS_MOVE = YES;
				CLANG_WARN_UNGUARDED_AVAILABILITY = YES_AGGRESSIVE;
				CLANG_WARN_UNREACHABLE_CODE = YES;
				CLANG_WARN__DUPLICATE_METHOD_MATCH = YES;
				COPY_PHASE_STRIP = NO;
				DEBUG_INFORMATION_FORMAT = dwarf;
				ENABLE_STRICT_OBJC_MSGSEND = YES;
				ENABLE_TESTABILITY = YES;
				GCC_C_LANGUAGE_STANDARD = gnu11;
				GCC_DYNAMIC_NO_PIC = NO;
				GCC_NO_COMMON_BLOCKS = YES;
				GCC_OPTIMIZATION_LEVEL = 0;
				GCC_PREPROCESSOR_DEFINITIONS = (
					"DEBUG=1",
					"$(inherited)",
				);
				GCC_WARN_64_TO_32_BIT_CONVERSION = YES;
				GCC_WARN_ABOUT_RETURN_TYPE = YES_ERROR;
				GCC_WARN_UNDECLARED_SELECTOR = YES;
				GCC_WARN_UNINITIALIZED_AUTOS = YES_AGGRESSIVE;
				GCC_WARN_UNUSED_FUNCTION = YES;
				GCC_WARN_UNUSED_VARIABLE = YES;
				MACOSX_DEPLOYMENT_TARGET = 13.0;
				MTL_ENABLE_DEBUG_INFO = INCLUDE_SOURCE;
				MTL_FAST_MATH = YES;
				ONLY_ACTIVE_ARCH = YES;
				SDKROOT = macosx;
				SWIFT_ACTIVE_COMPILATION_CONDITIONS = DEBUG;
				SWIFT_OPTIMIZATION_LEVEL = "-Onone";
			};
			name = Debug;
		};
		8E3AB8DC29EB0D570052D69E /* Release */ = {
			isa = XCBuildConfiguration;
			buildSettings = {
				ALWAYS_SEARCH_USER_PATHS = NO;
				CLANG_ANALYZER_NONNULL = YES;
				CLANG_ANALYZER_NUMBER_OBJECT_CONVERSION = YES_AGGRESSIVE;
				CLANG_CXX_LANGUAGE_STANDARD = "gnu++20";
				CLANG_ENABLE_MODULES = YES;
				CLANG_ENABLE_OBJC_ARC = YES;
				CLANG_ENABLE_OBJC_WEAK = YES;
				CLANG_WARN_BLOCK_CAPTURE_AUTORELEASING = YES;
				CLANG_WARN_BOOL_CONVERSION = YES;
				CLANG_WARN_COMMA = YES;
				CLANG_WARN_CONSTANT_CONVERSION = YES;
				CLANG_WARN_DEPRECATED_OBJC_IMPLEMENTATIONS = YES;
				CLANG_WARN_DIRECT_OBJC_ISA_USAGE = YES_ERROR;
				CLANG_WARN_DOCUMENTATION_COMMENTS = YES;
				CLANG_WARN_EMPTY_BODY = YES;
				CLANG_WARN_ENUM_CONVERSION = YES;
				CLANG_WARN_INFINITE_RECURSION = YES;
				CLANG_WARN_INT_CONVERSION = YES;
				CLANG_WARN_NON_LITERAL_NULL_CONVERSION = YES;
				CLANG_WARN_OBJC_IMPLICIT_RETAIN_SELF = YES;
				CLANG_WARN_OBJC_LITERAL_CONVERSION = YES;
				CLANG_WARN_OBJC_ROOT_CLASS = YES_ERROR;
				CLANG_WARN_QUOTED_INCLUDE_IN_FRAMEWORK_HEADER = YES;
				CLANG_WARN_RANGE_LOOP_ANALYSIS = YES;
				CLANG_WARN_STRICT_PROTOTYPES = YES;
				CLANG_WARN_SUSPICIOUS_MOVE = YES;
				CLANG_WARN_UNGUARDED_AVAILABILITY = YES_AGGRESSIVE;
				CLANG_WARN_UNREACHABLE_CODE = YES;
				CLANG_WARN__DUPLICATE_METHOD_MATCH = YES;
				COPY_PHASE_STRIP = NO;
				DEBUG_INFORMATION_FORMAT = "dwarf-with-dsym";
				ENABLE_NS_ASSERTIONS = NO;
				ENABLE_STRICT_OBJC_MSGSEND = YES;
				GCC_C_LANGUAGE_STANDARD = gnu11;
				GCC_NO_COMMON_BLOCKS = YES;
				GCC_WARN_64_TO_32_BIT_CONVERSION = YES;
				GCC_WARN_ABOUT_RETURN_TYPE = YES_ERROR;
				GCC_WARN_UNDECLARED_SELECTOR = YES;
				GCC_WARN_UNINITIALIZED_AUTOS = YES_AGGRESSIVE;
				GCC_WARN_UNUSED_FUNCTION = YES;
				GCC_WARN_UNUSED_VARIABLE = YES;
				MACOSX_DEPLOYMENT_TARGET = 13.0;
				MTL_ENABLE_DEBUG_INFO = NO;
				MTL_FAST_MATH = YES;
				SDKROOT = macosx;
				SWIFT_COMPILATION_MODE = wholemodule;
				SWIFT_OPTIMIZATION_LEVEL = "-O";
			};
			name = Release;
		};
		8E3AB8DE29EB0D570052D69E /* Debug */ = {
			isa = XCBuildConfiguration;
			buildSettings = {
				ASSETCATALOG_COMPILER_APPICON_NAME = AppIcon;
				ASSETCATALOG_COMPILER_GLOBAL_ACCENT_COLOR_NAME = AccentColor;
				CODE_SIGN_ENTITLEMENTS = KeyboardCleanMenu/KeyboardCleanMenu.entitlements;
				CODE_SIGN_STYLE = Automatic;
				COMBINE_HIDPI_IMAGES = YES;
				CURRENT_PROJECT_VERSION = 1;
				DEVELOPMENT_ASSET_PATHS = "\"KeyboardCleanMenu/Resources/Preview Content\"";
				DEVELOPMENT_TEAM = 497P4L97SV;
				ENABLE_HARDENED_RUNTIME = YES;
				ENABLE_PREVIEWS = YES;
				GENERATE_INFOPLIST_FILE = YES;
				INFOPLIST_KEY_LSUIElement = YES;
				INFOPLIST_KEY_NSHumanReadableCopyright = "";
				LD_RUNPATH_SEARCH_PATHS = (
					"$(inherited)",
					"@executable_path/../Frameworks",
				);
				MARKETING_VERSION = 1.0;
				PRODUCT_BUNDLE_IDENTIFIER = com.wallaby.KeyboardCleanMenu;
				PRODUCT_NAME = "$(TARGET_NAME)";
				SWIFT_EMIT_LOC_STRINGS = YES;
				SWIFT_VERSION = 5.0;
			};
			name = Debug;
		};
		8E3AB8DF29EB0D570052D69E /* Release */ = {
			isa = XCBuildConfiguration;
			buildSettings = {
				ASSETCATALOG_COMPILER_APPICON_NAME = AppIcon;
				ASSETCATALOG_COMPILER_GLOBAL_ACCENT_COLOR_NAME = AccentColor;
				CODE_SIGN_ENTITLEMENTS = KeyboardCleanMenu/KeyboardCleanMenu.entitlements;
				CODE_SIGN_STYLE = Automatic;
				COMBINE_HIDPI_IMAGES = YES;
				CURRENT_PROJECT_VERSION = 1;
				DEVELOPMENT_ASSET_PATHS = "\"KeyboardCleanMenu/Resources/Preview Content\"";
				DEVELOPMENT_TEAM = 497P4L97SV;
				ENABLE_HARDENED_RUNTIME = YES;
				ENABLE_PREVIEWS = YES;
				GENERATE_INFOPLIST_FILE = YES;
				INFOPLIST_KEY_LSUIElement = YES;
				INFOPLIST_KEY_NSHumanReadableCopyright = "";
				LD_RUNPATH_SEARCH_PATHS = (
					"$(inherited)",
					"@executable_path/../Frameworks",
				);
				MARKETING_VERSION = 1.0;
				PRODUCT_BUNDLE_IDENTIFIER = com.wallaby.KeyboardCleanMenu;
				PRODUCT_NAME = "$(TARGET_NAME)";
				SWIFT_EMIT_LOC_STRINGS = YES;
				SWIFT_VERSION = 5.0;
			};
			name = Release;
		};
/* End XCBuildConfiguration section */

/* Begin XCConfigurationList section */
		8E3AB8C929EB0D560052D69E /* Build configuration list for PBXProject "KeyboardCleanMenu" */ = {
			isa = XCConfigurationList;
			buildConfigurations = (
				8E3AB8DB29EB0D570052D69E /* Debug */,
				8E3AB8DC29EB0D570052D69E /* Release */,
			);
			defaultConfigurationIsVisible = 0;
			defaultConfigurationName = Release;
		};
		8E3AB8DD29EB0D570052D69E /* Build configuration list for PBXNativeTarget "KeyboardCleanMenu" */ = {
			isa = XCConfigurationList;
			buildConfigurations = (
				8E3AB8DE29EB0D570052D69E /* Debug */,
				8E3AB8DF29EB0D570052D69E /* Release */,
			);
			defaultConfigurationIsVisible = 0;
			defaultConfigurationName = Release;
		};
/* End XCConfigurationList section */
	};
	rootObject = 8E3AB8C629EB0D560052D69E /* Project object */;
}
